// !$*UTF8*$!
{
	archiveVersion = 1;
	classes = {
	};
	objectVersion = 50;
	objects = {

/* Begin PBXBuildFile section */
		55360EC524428CDF00C51934 /* AppDelegate.swift in Sources */ = {isa = PBXBuildFile; fileRef = 55360EC424428CDF00C51934 /* AppDelegate.swift */; };
		55360EC724428CDF00C51934 /* SceneDelegate.swift in Sources */ = {isa = PBXBuildFile; fileRef = 55360EC624428CDF00C51934 /* SceneDelegate.swift */; };
		55360EC924428CDF00C51934 /* ViewController.swift in Sources */ = {isa = PBXBuildFile; fileRef = 55360EC824428CDF00C51934 /* ViewController.swift */; };
		55360ECC24428CDF00C51934 /* Main.storyboard in Resources */ = {isa = PBXBuildFile; fileRef = 55360ECA24428CDF00C51934 /* Main.storyboard */; };
		55360ECE24428CE100C51934 /* Assets.xcassets in Resources */ = {isa = PBXBuildFile; fileRef = 55360ECD24428CE100C51934 /* Assets.xcassets */; };
		55360ED124428CE100C51934 /* LaunchScreen.storyboard in Resources */ = {isa = PBXBuildFile; fileRef = 55360ECF24428CE100C51934 /* LaunchScreen.storyboard */; };
		55360EDC24428CE100C51934 /* CalculatorProjectTests.swift in Sources */ = {isa = PBXBuildFile; fileRef = 55360EDB24428CE100C51934 /* CalculatorProjectTests.swift */; };
/* End PBXBuildFile section */

/* Begin PBXContainerItemProxy section */
		55360ED824428CE100C51934 /* PBXContainerItemProxy */ = {
			isa = PBXContainerItemProxy;
			containerPortal = 55360EB924428CDF00C51934 /* Project object */;
			proxyType = 1;
			remoteGlobalIDString = 55360EC024428CDF00C51934;
			remoteInfo = CalculatorProject;
		};
/* End PBXContainerItemProxy section */

/* Begin PBXFileReference section */
		55360EC124428CDF00C51934 /* CalculatorProject.app */ = {isa = PBXFileReference; explicitFileType = wrapper.application; includeInIndex = 0; path = CalculatorProject.app; sourceTree = BUILT_PRODUCTS_DIR; };
		55360EC424428CDF00C51934 /* AppDelegate.swift */ = {isa = PBXFileReference; lastKnownFileType = sourcecode.swift; path = AppDelegate.swift; sourceTree = "<group>"; };
		55360EC624428CDF00C51934 /* SceneDelegate.swift */ = {isa = PBXFileReference; lastKnownFileType = sourcecode.swift; path = SceneDelegate.swift; sourceTree = "<group>"; };
		55360EC824428CDF00C51934 /* ViewController.swift */ = {isa = PBXFileReference; lastKnownFileType = sourcecode.swift; path = ViewController.swift; sourceTree = "<group>"; };
		55360ECB24428CDF00C51934 /* Base */ = {isa = PBXFileReference; lastKnownFileType = file.storyboard; name = Base; path = Base.lproj/Main.storyboard; sourceTree = "<group>"; };
		55360ECD24428CE100C51934 /* Assets.xcassets */ = {isa = PBXFileReference; lastKnownFileType = folder.assetcatalog; path = Assets.xcassets; sourceTree = "<group>"; };
		55360ED024428CE100C51934 /* Base */ = {isa = PBXFileReference; lastKnownFileType = file.storyboard; name = Base; path = Base.lproj/LaunchScreen.storyboard; sourceTree = "<group>"; };
		55360ED224428CE100C51934 /* Info.plist */ = {isa = PBXFileReference; lastKnownFileType = text.plist.xml; path = Info.plist; sourceTree = "<group>"; };
		55360ED724428CE100C51934 /* CalculatorProjectTests.xctest */ = {isa = PBXFileReference; explicitFileType = wrapper.cfbundle; includeInIndex = 0; path = CalculatorProjectTests.xctest; sourceTree = BUILT_PRODUCTS_DIR; };
		55360EDB24428CE100C51934 /* CalculatorProjectTests.swift */ = {isa = PBXFileReference; lastKnownFileType = sourcecode.swift; path = CalculatorProjectTests.swift; sourceTree = "<group>"; };
		55360EDD24428CE100C51934 /* Info.plist */ = {isa = PBXFileReference; lastKnownFileType = text.plist.xml; path = Info.plist; sourceTree = "<group>"; };
/* End PBXFileReference section */

/* Begin PBXFrameworksBuildPhase section */
		55360EBE24428CDF00C51934 /* Frameworks */ = {
			isa = PBXFrameworksBuildPhase;
			buildActionMask = 2147483647;
			files = (
			);
			runOnlyForDeploymentPostprocessing = 0;
		};
		55360ED424428CE100C51934 /* Frameworks */ = {
			isa = PBXFrameworksBuildPhase;
			buildActionMask = 2147483647;
			files = (
			);
			runOnlyForDeploymentPostprocessing = 0;
		};
/* End PBXFrameworksBuildPhase section */

/* Begin PBXGroup section */
		55360EB824428CDF00C51934 = {
			isa = PBXGroup;
			children = (
				55360EC324428CDF00C51934 /* CalculatorProject */,
				55360EDA24428CE100C51934 /* CalculatorProjectTests */,
				55360EC224428CDF00C51934 /* Products */,
			);
			sourceTree = "<group>";
		};
		55360EC224428CDF00C51934 /* Products */ = {
			isa = PBXGroup;
			children = (
				55360EC124428CDF00C51934 /* CalculatorProject.app */,
				55360ED724428CE100C51934 /* CalculatorProjectTests.xctest */,
			);
			name = Products;
			sourceTree = "<group>";
		};
		55360EC324428CDF00C51934 /* CalculatorProject */ = {
			isa = PBXGroup;
			children = (
				55360EC424428CDF00C51934 /* AppDelegate.swift */,
				55360EC624428CDF00C51934 /* SceneDelegate.swift */,
				55360EC824428CDF00C51934 /* ViewController.swift */,
				55360ECA24428CDF00C51934 /* Main.storyboard */,
				55360ECD24428CE100C51934 /* Assets.xcassets */,
				55360ECF24428CE100C51934 /* LaunchScreen.storyboard */,
				55360ED224428CE100C51934 /* Info.plist */,
			);
			path = CalculatorProject;
			sourceTree = "<group>";
		};
		55360EDA24428CE100C51934 /* CalculatorProjectTests */ = {
			isa = PBXGroup;
			children = (
				55360EDB24428CE100C51934 /* CalculatorProjectTests.swift */,
				55360EDD24428CE100C51934 /* Info.plist */,
			);
			path = CalculatorProjectTests;
			sourceTree = "<group>";
		};
/* End PBXGroup section */

/* Begin PBXNativeTarget section */
		55360EC024428CDF00C51934 /* CalculatorProject */ = {
			isa = PBXNativeTarget;
			buildConfigurationList = 55360EE024428CE100C51934 /* Build configuration list for PBXNativeTarget "CalculatorProject" */;
			buildPhases = (
				55360EBD24428CDF00C51934 /* Sources */,
				55360EBE24428CDF00C51934 /* Frameworks */,
				55360EBF24428CDF00C51934 /* Resources */,
			);
			buildRules = (
			);
			dependencies = (
			);
			name = CalculatorProject;
			productName = CalculatorProject;
			productReference = 55360EC124428CDF00C51934 /* CalculatorProject.app */;
			productType = "com.apple.product-type.application";
		};
		55360ED624428CE100C51934 /* CalculatorProjectTests */ = {
			isa = PBXNativeTarget;
			buildConfigurationList = 55360EE324428CE100C51934 /* Build configuration list for PBXNativeTarget "CalculatorProjectTests" */;
			buildPhases = (
				55360ED324428CE100C51934 /* Sources */,
				55360ED424428CE100C51934 /* Frameworks */,
				55360ED524428CE100C51934 /* Resources */,
			);
			buildRules = (
			);
			dependencies = (
				55360ED924428CE100C51934 /* PBXTargetDependency */,
			);
			name = CalculatorProjectTests;
			productName = CalculatorProjectTests;
			productReference = 55360ED724428CE100C51934 /* CalculatorProjectTests.xctest */;
			productType = "com.apple.product-type.bundle.unit-test";
		};
/* End PBXNativeTarget section */

/* Begin PBXProject section */
		55360EB924428CDF00C51934 /* Project object */ = {
			isa = PBXProject;
			attributes = {
				LastSwiftUpdateCheck = 1100;
				LastUpgradeCheck = 1100;
				ORGANIZATIONNAME = "Neema Philippe";
				TargetAttributes = {
					55360EC024428CDF00C51934 = {
						CreatedOnToolsVersion = 11.0;
					};
					55360ED624428CE100C51934 = {
						CreatedOnToolsVersion = 11.0;
						TestTargetID = 55360EC024428CDF00C51934;
					};
				};
			};
			buildConfigurationList = 55360EBC24428CDF00C51934 /* Build configuration list for PBXProject "CalculatorProject" */;
			compatibilityVersion = "Xcode 9.3";
			developmentRegion = en;
			hasScannedForEncodings = 0;
			knownRegions = (
				en,
				Base,
			);
			mainGroup = 55360EB824428CDF00C51934;
			productRefGroup = 55360EC224428CDF00C51934 /* Products */;
			projectDirPath = "";
			projectRoot = "";
			targets = (
				55360EC024428CDF00C51934 /* CalculatorProject */,
				55360ED624428CE100C51934 /* CalculatorProjectTests */,
			);
		};
/* End PBXProject section */

/* Begin PBXResourcesBuildPhase section */
		55360EBF24428CDF00C51934 /* Resources */ = {
			isa = PBXResourcesBuildPhase;
			buildActionMask = 2147483647;
			files = (
				55360ED124428CE100C51934 /* LaunchScreen.storyboard in Resources */,
				55360ECE24428CE100C51934 /* Assets.xcassets in Resources */,
				55360ECC24428CDF00C51934 /* Main.storyboard in Resources */,
			);
			runOnlyForDeploymentPostprocessing = 0;
		};
		55360ED524428CE100C51934 /* Resources */ = {
			isa = PBXResourcesBuildPhase;
			buildActionMask = 2147483647;
			files = (
			);
			runOnlyForDeploymentPostprocessing = 0;
		};
/* End PBXResourcesBuildPhase section */

/* Begin PBXSourcesBuildPhase section */
		55360EBD24428CDF00C51934 /* Sources */ = {
			isa = PBXSourcesBuildPhase;
			buildActionMask = 2147483647;
			files = (
				55360EC924428CDF00C51934 /* ViewController.swift in Sources */,
				55360EC524428CDF00C51934 /* AppDelegate.swift in Sources */,
				55360EC724428CDF00C51934 /* SceneDelegate.swift in Sources */,
			);
			runOnlyForDeploymentPostprocessing = 0;
		};
		55360ED324428CE100C51934 /* Sources */ = {
			isa = PBXSourcesBuildPhase;
			buildActionMask = 2147483647;
			files = (
				55360EDC24428CE100C51934 /* CalculatorProjectTests.swift in Sources */,
			);
			runOnlyForDeploymentPostprocessing = 0;
		};
/* End PBXSourcesBuildPhase section */

/* Begin PBXTargetDependency section */
		55360ED924428CE100C51934 /* PBXTargetDependency */ = {
			isa = PBXTargetDependency;
			target = 55360EC024428CDF00C51934 /* CalculatorProject */;
			targetProxy = 55360ED824428CE100C51934 /* PBXContainerItemProxy */;
		};
/* End PBXTargetDependency section */

/* Begin PBXVariantGroup section */
		55360ECA24428CDF00C51934 /* Main.storyboard */ = {
			isa = PBXVariantGroup;
			children = (
				55360ECB24428CDF00C51934 /* Base */,
			);
			name = Main.storyboard;
			sourceTree = "<group>";
		};
		55360ECF24428CE100C51934 /* LaunchScreen.storyboard */ = {
			isa = PBXVariantGroup;
			children = (
				55360ED024428CE100C51934 /* Base */,
			);
			name = LaunchScreen.storyboard;
			sourceTree = "<group>";
		};
/* End PBXVariantGroup section */

/* Begin XCBuildConfiguration section */
		55360EDE24428CE100C51934 /* Debug */ = {
			isa = XCBuildConfiguration;
			buildSettings = {
				ALWAYS_SEARCH_USER_PATHS = NO;
				CLANG_ANALYZER_NONNULL = YES;
				CLANG_ANALYZER_NUMBER_OBJECT_CONVERSION = YES_AGGRESSIVE;
				CLANG_CXX_LANGUAGE_STANDARD = "gnu++14";
				CLANG_CXX_LIBRARY = "libc++";
				CLANG_ENABLE_MODULES = YES;
				CLANG_ENABLE_OBJC_ARC = YES;
				CLANG_ENABLE_OBJC_WEAK = YES;
				CLANG_WARN_BLOCK_CAPTURE_AUTORELEASING = YES;
				CLANG_WARN_BOOL_CONVERSION = YES;
				CLANG_WARN_COMMA = YES;
				CLANG_WARN_CONSTANT_CONVERSION = YES;
				CLANG_WARN_DEPRECATED_OBJC_IMPLEMENTATIONS = YES;
				CLANG_WARN_DIRECT_OBJC_ISA_USAGE = YES_ERROR;
				CLANG_WARN_DOCUMENTATION_COMMENTS = YES;
				CLANG_WARN_EMPTY_BODY = YES;
				CLANG_WARN_ENUM_CONVERSION = YES;
				CLANG_WARN_INFINITE_RECURSION = YES;
				CLANG_WARN_INT_CONVERSION = YES;
				CLANG_WARN_NON_LITERAL_NULL_CONVERSION = YES;
				CLANG_WARN_OBJC_IMPLICIT_RETAIN_SELF = YES;
				CLANG_WARN_OBJC_LITERAL_CONVERSION = YES;
				CLANG_WARN_OBJC_ROOT_CLASS = YES_ERROR;
				CLANG_WARN_RANGE_LOOP_ANALYSIS = YES;
				CLANG_WARN_STRICT_PROTOTYPES = YES;
				CLANG_WARN_SUSPICIOUS_MOVE = YES;
				CLANG_WARN_UNGUARDED_AVAILABILITY = YES_AGGRESSIVE;
				CLANG_WARN_UNREACHABLE_CODE = YES;
				CLANG_WARN__DUPLICATE_METHOD_MATCH = YES;
				COPY_PHASE_STRIP = NO;
				DEBUG_INFORMATION_FORMAT = dwarf;
				ENABLE_STRICT_OBJC_MSGSEND = YES;
				ENABLE_TESTABILITY = YES;
				GCC_C_LANGUAGE_STANDARD = gnu11;
				GCC_DYNAMIC_NO_PIC = NO;
				GCC_NO_COMMON_BLOCKS = YES;
				GCC_OPTIMIZATION_LEVEL = 0;
				GCC_PREPROCESSOR_DEFINITIONS = (
					"DEBUG=1",
					"$(inherited)",
				);
				GCC_WARN_64_TO_32_BIT_CONVERSION = YES;
				GCC_WARN_ABOUT_RETURN_TYPE = YES_ERROR;
				GCC_WARN_UNDECLARED_SELECTOR = YES;
				GCC_WARN_UNINITIALIZED_AUTOS = YES_AGGRESSIVE;
				GCC_WARN_UNUSED_FUNCTION = YES;
				GCC_WARN_UNUSED_VARIABLE = YES;
				IPHONEOS_DEPLOYMENT_TARGET = 13.0;
				MTL_ENABLE_DEBUG_INFO = INCLUDE_SOURCE;
				MTL_FAST_MATH = YES;
				ONLY_ACTIVE_ARCH = YES;
				SDKROOT = iphoneos;
				SWIFT_ACTIVE_COMPILATION_CONDITIONS = DEBUG;
				SWIFT_OPTIMIZATION_LEVEL = "-Onone";
			};
			name = Debug;
		};
		55360EDF24428CE100C51934 /* Release */ = {
			isa = XCBuildConfiguration;
			buildSettings = {
				ALWAYS_SEARCH_USER_PATHS = NO;
				CLANG_ANALYZER_NONNULL = YES;
				CLANG_ANALYZER_NUMBER_OBJECT_CONVERSION = YES_AGGRESSIVE;
				CLANG_CXX_LANGUAGE_STANDARD = "gnu++14";
				CLANG_CXX_LIBRARY = "libc++";
				CLANG_ENABLE_MODULES = YES;
				CLANG_ENABLE_OBJC_ARC = YES;
				CLANG_ENABLE_OBJC_WEAK = YES;
				CLANG_WARN_BLOCK_CAPTURE_AUTORELEASING = YES;
				CLANG_WARN_BOOL_CONVERSION = YES;
				CLANG_WARN_COMMA = YES;
				CLANG_WARN_CONSTANT_CONVERSION = YES;
				CLANG_WARN_DEPRECATED_OBJC_IMPLEMENTATIONS = YES;
				CLANG_WARN_DIRECT_OBJC_ISA_USAGE = YES_ERROR;
				CLANG_WARN_DOCUMENTATION_COMMENTS = YES;
				CLANG_WARN_EMPTY_BODY = YES;
				CLANG_WARN_ENUM_CONVERSION = YES;
				CLANG_WARN_INFINITE_RECURSION = YES;
				CLANG_WARN_INT_CONVERSION = YES;
				CLANG_WARN_NON_LITERAL_NULL_CONVERSION = YES;
				CLANG_WARN_OBJC_IMPLICIT_RETAIN_SELF = YES;
				CLANG_WARN_OBJC_LITERAL_CONVERSION = YES;
				CLANG_WARN_OBJC_ROOT_CLASS = YES_ERROR;
				CLANG_WARN_RANGE_LOOP_ANALYSIS = YES;
				CLANG_WARN_STRICT_PROTOTYPES = YES;
				CLANG_WARN_SUSPICIOUS_MOVE = YES;
				CLANG_WARN_UNGUARDED_AVAILABILITY = YES_AGGRESSIVE;
				CLANG_WARN_UNREACHABLE_CODE = YES;
				CLANG_WARN__DUPLICATE_METHOD_MATCH = YES;
				COPY_PHASE_STRIP = NO;
				DEBUG_INFORMATION_FORMAT = "dwarf-with-dsym";
				ENABLE_NS_ASSERTIONS = NO;
				ENABLE_STRICT_OBJC_MSGSEND = YES;
				GCC_C_LANGUAGE_STANDARD = gnu11;
				GCC_NO_COMMON_BLOCKS = YES;
				GCC_WARN_64_TO_32_BIT_CONVERSION = YES;
				GCC_WARN_ABOUT_RETURN_TYPE = YES_ERROR;
				GCC_WARN_UNDECLARED_SELECTOR = YES;
				GCC_WARN_UNINITIALIZED_AUTOS = YES_AGGRESSIVE;
				GCC_WARN_UNUSED_FUNCTION = YES;
				GCC_WARN_UNUSED_VARIABLE = YES;
				IPHONEOS_DEPLOYMENT_TARGET = 13.0;
				MTL_ENABLE_DEBUG_INFO = NO;
				MTL_FAST_MATH = YES;
				SDKROOT = iphoneos;
				SWIFT_COMPILATION_MODE = wholemodule;
				SWIFT_OPTIMIZATION_LEVEL = "-O";
				VALIDATE_PRODUCT = YES;
			};
			name = Release;
		};
		55360EE124428CE100C51934 /* Debug */ = {
			isa = XCBuildConfiguration;
			buildSettings = {
				ASSETCATALOG_COMPILER_APPICON_NAME = AppIcon;
				CODE_SIGN_STYLE = Automatic;
				INFOPLIST_FILE = CalculatorProject/Info.plist;
				LD_RUNPATH_SEARCH_PATHS = (
					"$(inherited)",
					"@executable_path/Frameworks",
				);
				PRODUCT_BUNDLE_IDENTIFIER = fundamentals.CalculatorProject;
				PRODUCT_NAME = "$(TARGET_NAME)";
				SWIFT_VERSION = 5.0;
				TARGETED_DEVICE_FAMILY = "1,2";
			};
			name = Debug;
		};
		55360EE224428CE100C51934 /* Release */ = {
			isa = XCBuildConfiguration;
			buildSettings = {
				ASSETCATALOG_COMPILER_APPICON_NAME = AppIcon;
				CODE_SIGN_STYLE = Automatic;
				INFOPLIST_FILE = CalculatorProject/Info.plist;
				LD_RUNPATH_SEARCH_PATHS = (
					"$(inherited)",
					"@executable_path/Frameworks",
				);
				PRODUCT_BUNDLE_IDENTIFIER = fundamentals.CalculatorProject;
				PRODUCT_NAME = "$(TARGET_NAME)";
				SWIFT_VERSION = 5.0;
				TARGETED_DEVICE_FAMILY = "1,2";
			};
			name = Release;
		};
		55360EE424428CE100C51934 /* Debug */ = {
			isa = XCBuildConfiguration;
			buildSettings = {
				ALWAYS_EMBED_SWIFT_STANDARD_LIBRARIES = YES;
				BUNDLE_LOADER = "$(TEST_HOST)";
				CODE_SIGN_STYLE = Automatic;
				INFOPLIST_FILE = CalculatorProjectTests/Info.plist;
				IPHONEOS_DEPLOYMENT_TARGET = 13.0;
				LD_RUNPATH_SEARCH_PATHS = (
					"$(inherited)",
					"@executable_path/Frameworks",
					"@loader_path/Frameworks",
				);
				PRODUCT_BUNDLE_IDENTIFIER = fundamentals.CalculatorProjectTests;
				PRODUCT_NAME = "$(TARGET_NAME)";
				SWIFT_VERSION = 5.0;
				TARGETED_DEVICE_FAMILY = "1,2";
				TEST_HOST = "$(BUILT_PRODUCTS_DIR)/CalculatorProject.app/CalculatorProject";
			};
			name = Debug;
		};
		55360EE524428CE100C51934 /* Release */ = {
			isa = XCBuildConfiguration;
			buildSettings = {
				ALWAYS_EMBED_SWIFT_STANDARD_LIBRARIES = YES;
				BUNDLE_LOADER = "$(TEST_HOST)";
				CODE_SIGN_STYLE = Automatic;
				INFOPLIST_FILE = CalculatorProjectTests/Info.plist;
				IPHONEOS_DEPLOYMENT_TARGET = 13.0;
				LD_RUNPATH_SEARCH_PATHS = (
					"$(inherited)",
					"@executable_path/Frameworks",
					"@loader_path/Frameworks",
				);
				PRODUCT_BUNDLE_IDENTIFIER = fundamentals.CalculatorProjectTests;
				PRODUCT_NAME = "$(TARGET_NAME)";
				SWIFT_VERSION = 5.0;
				TARGETED_DEVICE_FAMILY = "1,2";
				TEST_HOST = "$(BUILT_PRODUCTS_DIR)/CalculatorProject.app/CalculatorProject";
			};
			name = Release;
		};
/* End XCBuildConfiguration section */

/* Begin XCConfigurationList section */
		55360EBC24428CDF00C51934 /* Build configuration list for PBXProject "CalculatorProject" */ = {
			isa = XCConfigurationList;
			buildConfigurations = (
				55360EDE24428CE100C51934 /* Debug */,
				55360EDF24428CE100C51934 /* Release */,
			);
			defaultConfigurationIsVisible = 0;
			defaultConfigurationName = Release;
		};
		55360EE024428CE100C51934 /* Build configuration list for PBXNativeTarget "CalculatorProject" */ = {
			isa = XCConfigurationList;
			buildConfigurations = (
				55360EE124428CE100C51934 /* Debug */,
				55360EE224428CE100C51934 /* Release */,
			);
			defaultConfigurationIsVisible = 0;
			defaultConfigurationName = Release;
		};
		55360EE324428CE100C51934 /* Build configuration list for PBXNativeTarget "CalculatorProjectTests" */ = {
			isa = XCConfigurationList;
			buildConfigurations = (
				55360EE424428CE100C51934 /* Debug */,
				55360EE524428CE100C51934 /* Release */,
			);
			defaultConfigurationIsVisible = 0;
			defaultConfigurationName = Release;
		};
/* End XCConfigurationList section */
	};
	rootObject = 55360EB924428CDF00C51934 /* Project object */;
}
